{
  "version": 4,
  "terraform_version": "1.12.2",
  "serial": 89,
  "lineage": "a972d148-f16a-3a84-56a2-841daabd44e7",
  "outputs": {},
  "resources": [
    {
      "module": "module.flaresolverr",
      "mode": "managed",
      "type": "kubernetes_namespace",
      "name": "flaresolverr",
      "provider": "provider[\"registry.terraform.io/hashicorp/kubernetes\"]",
      "instances": [
        {
          "schema_version": 0,
          "attributes": {
            "id": "flaresolverr",
            "metadata": [
              {
                "annotations": {},
                "generate_name": "",
                "generation": 0,
                "labels": {},
                "name": "flaresolverr",
                "resource_version": "29467",
                "uid": "d22a49f6-2f15-4768-9450-40c4b46ccfc2"
              }
            ],
            "timeouts": null,
            "wait_for_default_service_account": false
          },
          "sensitive_attributes": [],
          "identity_schema_version": 0,
          "private": "eyJlMmJmYjczMC1lY2FhLTExZTYtOGY4OC0zNDM2M2JjN2M0YzAiOnsiZGVsZXRlIjozMDAwMDAwMDAwMDB9fQ=="
        }
      ]
    },
    {
      "module": "module.jellyfin",
      "mode": "managed",
      "type": "kubernetes_deployment",
      "name": "jellyfin",
      "provider": "provider[\"registry.terraform.io/hashicorp/kubernetes\"]",
      "instances": [
        {
          "schema_version": 1,
          "attributes": {
            "id": "jellyfin/jellyfin",
            "metadata": [
              {
                "annotations": {},
                "generate_name": "",
                "generation": 2,
                "labels": {
                  "app": "jellyfin"
                },
                "name": "jellyfin",
                "namespace": "jellyfin",
                "resource_version": "48241",
                "uid": "2337ec17-6390-4255-940c-ffd092adb9e1"
              }
            ],
            "spec": [
              {
                "min_ready_seconds": 0,
                "paused": false,
                "progress_deadline_seconds": 600,
                "replicas": "1",
                "revision_history_limit": 10,
                "selector": [
                  {
                    "match_expressions": [],
                    "match_labels": {
                      "app": "jellyfin"
                    }
                  }
                ],
                "strategy": [
                  {
                    "rolling_update": [
                      {
                        "max_surge": "25%",
                        "max_unavailable": "25%"
                      }
                    ],
                    "type": "RollingUpdate"
                  }
                ],
                "template": [
                  {
                    "metadata": [
                      {
                        "annotations": {},
                        "generate_name": "",
                        "generation": 0,
                        "labels": {
                          "app": "jellyfin"
                        },
                        "name": "",
                        "namespace": "",
                        "resource_version": "",
                        "uid": ""
                      }
                    ],
                    "spec": [
                      {
                        "active_deadline_seconds": 0,
                        "affinity": [],
                        "automount_service_account_token": true,
                        "container": [
                          {
                            "args": [],
                            "command": [],
                            "env": [],
                            "env_from": [],
                            "image": "jellyfin/jellyfin:latest",
                            "image_pull_policy": "Always",
                            "lifecycle": [],
                            "liveness_probe": [],
                            "name": "jellyfin",
                            "port": [
                              {
                                "container_port": 8096,
                                "host_ip": "",
                                "host_port": 0,
                                "name": "web",
                                "protocol": "TCP"
                              }
                            ],
                            "readiness_probe": [],
                            "resources": [
                              {
                                "limits": {
                                  "cpu": "4"
                                },
                                "requests": {
                                  "cpu": "2"
                                }
                              }
                            ],
                            "security_context": [
                              {
                                "allow_privilege_escalation": false,
                                "capabilities": [],
                                "privileged": false,
                                "read_only_root_filesystem": false,
                                "run_as_group": "1000",
                                "run_as_non_root": true,
                                "run_as_user": "1000",
                                "se_linux_options": [],
                                "seccomp_profile": []
                              }
                            ],
                            "startup_probe": [],
                            "stdin": false,
                            "stdin_once": false,
                            "termination_message_path": "/dev/termination-log",
                            "termination_message_policy": "File",
                            "tty": false,
                            "volume_device": [],
                            "volume_mount": [
                              {
                                "mount_path": "/config",
                                "mount_propagation": "None",
                                "name": "config",
                                "read_only": false,
                                "sub_path": ""
                              },
                              {
                                "mount_path": "/cache",
                                "mount_propagation": "None",
                                "name": "cache",
                                "read_only": false,
                                "sub_path": ""
                              },
                              {
                                "mount_path": "/media",
                                "mount_propagation": "None",
                                "name": "media",
                                "read_only": false,
                                "sub_path": ""
                              }
                            ],
                            "working_dir": ""
                          }
                        ],
                        "dns_config": [],
                        "dns_policy": "ClusterFirst",
                        "enable_service_links": true,
                        "host_aliases": [],
                        "host_ipc": false,
                        "host_network": false,
                        "host_pid": false,
                        "hostname": "",
                        "image_pull_secrets": [],
                        "init_container": [],
                        "node_name": "",
                        "node_selector": {},
                        "os": [],
                        "priority_class_name": "",
                        "readiness_gate": [],
                        "restart_policy": "Always",
                        "runtime_class_name": "",
                        "scheduler_name": "default-scheduler",
                        "security_context": [],
                        "service_account_name": "",
                        "share_process_namespace": false,
                        "subdomain": "",
                        "termination_grace_period_seconds": 30,
                        "toleration": [],
                        "topology_spread_constraint": [],
                        "volume": [
                          {
                            "aws_elastic_block_store": [],
                            "azure_disk": [],
                            "azure_file": [],
                            "ceph_fs": [],
                            "cinder": [],
                            "config_map": [],
                            "csi": [],
                            "downward_api": [],
                            "empty_dir": [],
                            "ephemeral": [],
                            "fc": [],
                            "flex_volume": [],
                            "flocker": [],
                            "gce_persistent_disk": [],
                            "git_repo": [],
                            "glusterfs": [],
                            "host_path": [
                              {
                                "path": "/srv/jellyfin/config",
                                "type": ""
                              }
                            ],
                            "iscsi": [],
                            "local": [],
                            "name": "config",
                            "nfs": [],
                            "persistent_volume_claim": [],
                            "photon_persistent_disk": [],
                            "projected": [],
                            "quobyte": [],
                            "rbd": [],
                            "secret": [],
                            "vsphere_volume": []
                          },
                          {
                            "aws_elastic_block_store": [],
                            "azure_disk": [],
                            "azure_file": [],
                            "ceph_fs": [],
                            "cinder": [],
                            "config_map": [],
                            "csi": [],
                            "downward_api": [],
                            "empty_dir": [],
                            "ephemeral": [],
                            "fc": [],
                            "flex_volume": [],
                            "flocker": [],
                            "gce_persistent_disk": [],
                            "git_repo": [],
                            "glusterfs": [],
                            "host_path": [
                              {
                                "path": "/srv/jellyfin/cache",
                                "type": ""
                              }
                            ],
                            "iscsi": [],
                            "local": [],
                            "name": "cache",
                            "nfs": [],
                            "persistent_volume_claim": [],
                            "photon_persistent_disk": [],
                            "projected": [],
                            "quobyte": [],
                            "rbd": [],
                            "secret": [],
                            "vsphere_volume": []
                          },
                          {
                            "aws_elastic_block_store": [],
                            "azure_disk": [],
                            "azure_file": [],
                            "ceph_fs": [],
                            "cinder": [],
                            "config_map": [],
                            "csi": [],
                            "downward_api": [],
                            "empty_dir": [],
                            "ephemeral": [],
                            "fc": [],
                            "flex_volume": [],
                            "flocker": [],
                            "gce_persistent_disk": [],
                            "git_repo": [],
                            "glusterfs": [],
                            "host_path": [
                              {
                                "path": "/srv/jellyfin/media",
                                "type": ""
                              }
                            ],
                            "iscsi": [],
                            "local": [],
                            "name": "media",
                            "nfs": [],
                            "persistent_volume_claim": [],
                            "photon_persistent_disk": [],
                            "projected": [],
                            "quobyte": [],
                            "rbd": [],
                            "secret": [],
                            "vsphere_volume": []
                          }
                        ]
                      }
                    ]
                  }
                ]
              }
            ],
            "timeouts": null,
            "wait_for_rollout": true
          },
          "sensitive_attributes": [],
          "identity_schema_version": 0,
          "private": "eyJlMmJmYjczMC1lY2FhLTExZTYtOGY4OC0zNDM2M2JjN2M0YzAiOnsiY3JlYXRlIjo2MDAwMDAwMDAwMDAsImRlbGV0ZSI6NjAwMDAwMDAwMDAwLCJ1cGRhdGUiOjYwMDAwMDAwMDAwMH0sInNjaGVtYV92ZXJzaW9uIjoiMSJ9",
          "dependencies": [
            "module.jellyfin.kubernetes_namespace.jellyfin"
          ]
        }
      ]
    },
    {
      "module": "module.jellyfin",
      "mode": "managed",
      "type": "kubernetes_ingress_v1",
      "name": "jellyfin",
      "provider": "provider[\"registry.terraform.io/hashicorp/kubernetes\"]",
      "instances": [
        {
          "schema_version": 0,
          "attributes": {
            "id": "jellyfin/jellyfin",
            "metadata": [
              {
                "annotations": {
                  "traefik.ingress.kubernetes.io/router.entrypoints": "web"
                },
                "generate_name": "",
                "generation": 2,
                "labels": {},
                "name": "jellyfin",
                "namespace": "jellyfin",
                "resource_version": "48462",
                "uid": "3488e978-08ed-47fc-9501-caaf2078a65b"
              }
            ],
            "spec": [
              {
                "default_backend": [],
                "ingress_class_name": "traefik",
                "rule": [
                  {
                    "host": "jellyfin.homelab.com",
                    "http": [
                      {
                        "path": [
                          {
                            "backend": [
                              {
                                "resource": [],
                                "service": [
                                  {
                                    "name": "jellyfin",
                                    "port": [
                                      {
                                        "name": "",
                                        "number": 8096
                                      }
                                    ]
                                  }
                                ]
                              }
                            ],
                            "path": "/",
                            "path_type": "ImplementationSpecific"
                          }
                        ]
                      }
                    ]
                  }
                ],
                "tls": []
              }
            ],
            "status": [
              {
                "load_balancer": [
                  {
                    "ingress": [
                      {
                        "hostname": "",
                        "ip": "10.0.0.133"
                      }
                    ]
                  }
                ]
              }
            ],
            "timeouts": null,
            "wait_for_load_balancer": null
          },
          "sensitive_attributes": [],
          "identity_schema_version": 0,
          "private": "eyJlMmJmYjczMC1lY2FhLTExZTYtOGY4OC0zNDM2M2JjN2M0YzAiOnsiY3JlYXRlIjoxMjAwMDAwMDAwMDAwLCJkZWxldGUiOjEyMDAwMDAwMDAwMDB9fQ==",
          "dependencies": [
            "module.jellyfin.kubernetes_deployment.jellyfin",
            "module.jellyfin.kubernetes_namespace.jellyfin",
            "module.jellyfin.kubernetes_service.jellyfin"
          ]
        }
      ]
    },
    {
      "module": "module.jellyfin",
      "mode": "managed",
      "type": "kubernetes_namespace",
      "name": "jellyfin",
      "provider": "provider[\"registry.terraform.io/hashicorp/kubernetes\"]",
      "instances": [
        {
          "schema_version": 0,
          "attributes": {
            "id": "jellyfin",
            "metadata": [
              {
                "annotations": {},
                "generate_name": "",
                "generation": 0,
                "labels": {},
                "name": "jellyfin",
                "resource_version": "16355",
                "uid": "159e5b62-a9ae-4705-9efe-307dfbfdaa52"
              }
            ],
            "timeouts": null,
            "wait_for_default_service_account": false
          },
          "sensitive_attributes": [],
          "identity_schema_version": 0,
          "private": "eyJlMmJmYjczMC1lY2FhLTExZTYtOGY4OC0zNDM2M2JjN2M0YzAiOnsiZGVsZXRlIjozMDAwMDAwMDAwMDB9fQ=="
        }
      ]
    },
    {
      "module": "module.jellyfin",
      "mode": "managed",
      "type": "kubernetes_service",
      "name": "jellyfin",
      "provider": "provider[\"registry.terraform.io/hashicorp/kubernetes\"]",
      "instances": [
        {
          "schema_version": 1,
          "attributes": {
            "id": "jellyfin/jellyfin",
            "metadata": [
              {
                "annotations": {},
                "generate_name": "",
                "generation": 0,
                "labels": {},
                "name": "jellyfin",
                "namespace": "jellyfin",
                "resource_version": "48230",
                "uid": "0d58d866-3dc9-44e0-bc03-7ded2a6af6c5"
              }
            ],
            "spec": [
              {
                "allocate_load_balancer_node_ports": true,
                "cluster_ip": "10.43.108.238",
                "cluster_ips": [
                  "10.43.108.238"
                ],
                "external_ips": [],
                "external_name": "",
                "external_traffic_policy": "Cluster",
                "health_check_node_port": 0,
                "internal_traffic_policy": "Cluster",
                "ip_families": [
                  "IPv4"
                ],
                "ip_family_policy": "SingleStack",
                "load_balancer_class": "",
                "load_balancer_ip": "",
                "load_balancer_source_ranges": [],
                "port": [
                  {
                    "app_protocol": "",
                    "name": "web",
                    "node_port": 31597,
                    "port": 8096,
                    "protocol": "TCP",
                    "target_port": "web"
                  }
                ],
                "publish_not_ready_addresses": false,
                "selector": {
                  "app": "jellyfin"
                },
                "session_affinity": "None",
                "session_affinity_config": [],
                "type": "LoadBalancer"
              }
            ],
            "status": [
              {
                "load_balancer": [
                  {
                    "ingress": [
                      {
                        "hostname": "",
                        "ip": "10.0.0.133"
                      }
                    ]
                  }
                ]
              }
            ],
            "timeouts": null,
            "wait_for_load_balancer": true
          },
          "sensitive_attributes": [],
          "identity_schema_version": 0,
          "private": "eyJlMmJmYjczMC1lY2FhLTExZTYtOGY4OC0zNDM2M2JjN2M0YzAiOnsiY3JlYXRlIjo2MDAwMDAwMDAwMDB9LCJzY2hlbWFfdmVyc2lvbiI6IjEifQ==",
          "dependencies": [
            "module.jellyfin.kubernetes_deployment.jellyfin",
            "module.jellyfin.kubernetes_namespace.jellyfin"
          ]
        }
      ]
    },
    {
      "module": "module.jellyseerr",
      "mode": "managed",
      "type": "kubernetes_namespace",
      "name": "jellyseerr",
      "provider": "provider[\"registry.terraform.io/hashicorp/kubernetes\"]",
      "instances": [
        {
          "schema_version": 0,
          "attributes": {
            "id": "jellyseerr",
            "metadata": [
              {
                "annotations": {},
                "generate_name": "",
                "generation": 0,
                "labels": {},
                "name": "jellyseerr",
                "resource_version": "24191",
                "uid": "d6b1a107-3fbb-41dd-b393-30e0ff318085"
              }
            ],
            "timeouts": null,
            "wait_for_default_service_account": false
          },
          "sensitive_attributes": [],
          "identity_schema_version": 0,
          "private": "eyJlMmJmYjczMC1lY2FhLTExZTYtOGY4OC0zNDM2M2JjN2M0YzAiOnsiZGVsZXRlIjozMDAwMDAwMDAwMDB9fQ=="
        }
      ]
    },
    {
      "module": "module.jellyseerr",
      "mode": "managed",
      "type": "kubernetes_service",
      "name": "jellyseerr",
      "provider": "provider[\"registry.terraform.io/hashicorp/kubernetes\"]",
      "instances": [
        {
          "schema_version": 1,
          "attributes": {
            "id": "jellyseerr/jellyseerr",
            "metadata": [
              {
                "annotations": {},
                "generate_name": "",
                "generation": 0,
                "labels": {},
                "name": "jellyseerr",
                "namespace": "jellyseerr",
                "resource_version": "48193",
                "uid": "2984cabc-1a41-46bf-900d-d42b71f71e2a"
              }
            ],
            "spec": [
              {
                "allocate_load_balancer_node_ports": true,
                "cluster_ip": "10.43.16.248",
                "cluster_ips": [
                  "10.43.16.248"
                ],
                "external_ips": [],
                "external_name": "",
                "external_traffic_policy": "Cluster",
                "health_check_node_port": 0,
                "internal_traffic_policy": "Cluster",
                "ip_families": [
                  "IPv4"
                ],
                "ip_family_policy": "SingleStack",
                "load_balancer_class": "",
                "load_balancer_ip": "",
                "load_balancer_source_ranges": [],
                "port": [
                  {
                    "app_protocol": "",
                    "name": "http",
                    "node_port": 30275,
                    "port": 5055,
                    "protocol": "TCP",
                    "target_port": "http"
                  }
                ],
                "publish_not_ready_addresses": false,
                "selector": {
                  "app": "jellyseerr"
                },
                "session_affinity": "None",
                "session_affinity_config": [],
                "type": "LoadBalancer"
              }
            ],
            "status": [
              {
                "load_balancer": [
                  {
                    "ingress": [
                      {
                        "hostname": "",
                        "ip": "10.0.0.133"
                      }
                    ]
                  }
                ]
              }
            ],
            "timeouts": null,
            "wait_for_load_balancer": true
          },
          "sensitive_attributes": [],
          "identity_schema_version": 0,
          "private": "eyJlMmJmYjczMC1lY2FhLTExZTYtOGY4OC0zNDM2M2JjN2M0YzAiOnsiY3JlYXRlIjo2MDAwMDAwMDAwMDB9LCJzY2hlbWFfdmVyc2lvbiI6IjEifQ==",
          "dependencies": [
            "module.jellyseerr.kubernetes_config_map.jellyseerr",
            "module.jellyseerr.kubernetes_deployment.jellyseerr",
            "module.jellyseerr.kubernetes_namespace.jellyseerr"
          ]
        }
      ]
    },
    {
      "module": "module.prowlarr",
      "mode": "managed",
      "type": "kubernetes_ingress_v1",
      "name": "prowlarr",
      "provider": "provider[\"registry.terraform.io/hashicorp/kubernetes\"]",
      "instances": [
        {
          "schema_version": 0,
          "attributes": {
            "id": "prowlarr/prowlarr",
            "metadata": [
              {
                "annotations": {
                  "traefik.ingress.kubernetes.io/router.entrypoints": "web"
                },
                "generate_name": "",
                "generation": 1,
                "labels": {},
                "name": "prowlarr",
                "namespace": "prowlarr",
                "resource_version": "48655",
                "uid": "459c2b90-4de2-43a9-b2b8-b4980922095d"
              }
            ],
            "spec": [
              {
                "default_backend": [],
                "ingress_class_name": "traefik",
                "rule": [
                  {
                    "host": "prowlarr.homelab.com",
                    "http": [
                      {
                        "path": [
                          {
                            "backend": [
                              {
                                "resource": [],
                                "service": [
                                  {
                                    "name": "prowlarr",
                                    "port": [
                                      {
                                        "name": "",
                                        "number": 9696
                                      }
                                    ]
                                  }
                                ]
                              }
                            ],
                            "path": "/",
                            "path_type": "ImplementationSpecific"
                          }
                        ]
                      }
                    ]
                  }
                ],
                "tls": []
              }
            ],
            "status": [
              {
                "load_balancer": [
                  {
                    "ingress": [
                      {
                        "hostname": "",
                        "ip": "10.0.0.133"
                      }
                    ]
                  }
                ]
              }
            ],
            "timeouts": null,
            "wait_for_load_balancer": null
          },
          "sensitive_attributes": [],
          "identity_schema_version": 0,
          "private": "eyJlMmJmYjczMC1lY2FhLTExZTYtOGY4OC0zNDM2M2JjN2M0YzAiOnsiY3JlYXRlIjoxMjAwMDAwMDAwMDAwLCJkZWxldGUiOjEyMDAwMDAwMDAwMDB9fQ==",
          "dependencies": [
            "module.prowlarr.kubernetes_config_map.prowlarr_env",
            "module.prowlarr.kubernetes_deployment.prowlarr",
            "module.prowlarr.kubernetes_namespace.prowlarr",
            "module.prowlarr.kubernetes_service.prowlarr"
          ]
        }
      ]
    },
    {
      "module": "module.prowlarr",
      "mode": "managed",
      "type": "kubernetes_namespace",
      "name": "prowlarr",
      "provider": "provider[\"registry.terraform.io/hashicorp/kubernetes\"]",
      "instances": [
        {
          "schema_version": 0,
          "attributes": {
            "id": "prowlarr",
            "metadata": [
              {
                "annotations": {},
                "generate_name": "",
                "generation": 0,
                "labels": {},
                "name": "prowlarr",
                "resource_version": "26428",
                "uid": "b222feb7-ad04-40d6-9fa4-887bebf43ac8"
              }
            ],
            "timeouts": null,
            "wait_for_default_service_account": false
          },
          "sensitive_attributes": [],
          "identity_schema_version": 0,
          "private": "eyJlMmJmYjczMC1lY2FhLTExZTYtOGY4OC0zNDM2M2JjN2M0YzAiOnsiZGVsZXRlIjozMDAwMDAwMDAwMDB9fQ=="
        }
      ]
    },
    {
      "module": "module.radarr",
      "mode": "managed",
      "type": "kubernetes_ingress_v1",
      "name": "radarr",
      "provider": "provider[\"registry.terraform.io/hashicorp/kubernetes\"]",
      "instances": [
        {
          "schema_version": 0,
          "attributes": {
            "id": "radarr/radarr",
            "metadata": [
              {
                "annotations": {
                  "traefik.ingress.kubernetes.io/router.entrypoints": "web"
                },
                "generate_name": "",
                "generation": 1,
                "labels": {},
                "name": "radarr",
                "namespace": "radarr",
                "resource_version": "48654",
                "uid": "d66c0ea6-e14a-4252-96e2-ea69890f342e"
              }
            ],
            "spec": [
              {
                "default_backend": [],
                "ingress_class_name": "traefik",
                "rule": [
                  {
                    "host": "radarr.homelab.com",
                    "http": [
                      {
                        "path": [
                          {
                            "backend": [
                              {
                                "resource": [],
                                "service": [
                                  {
                                    "name": "radarr",
                                    "port": [
                                      {
                                        "name": "",
                                        "number": 7878
                                      }
                                    ]
                                  }
                                ]
                              }
                            ],
                            "path": "/",
                            "path_type": "ImplementationSpecific"
                          }
                        ]
                      }
                    ]
                  }
                ],
                "tls": []
              }
            ],
            "status": [
              {
                "load_balancer": [
                  {
                    "ingress": [
                      {
                        "hostname": "",
                        "ip": "10.0.0.133"
                      }
                    ]
                  }
                ]
              }
            ],
            "timeouts": null,
            "wait_for_load_balancer": null
          },
          "sensitive_attributes": [],
          "identity_schema_version": 0,
          "private": "eyJlMmJmYjczMC1lY2FhLTExZTYtOGY4OC0zNDM2M2JjN2M0YzAiOnsiY3JlYXRlIjoxMjAwMDAwMDAwMDAwLCJkZWxldGUiOjEyMDAwMDAwMDAwMDB9fQ==",
          "dependencies": [
            "module.radarr.kubernetes_config_map.radarr_env",
            "module.radarr.kubernetes_deployment.radarr",
            "module.radarr.kubernetes_namespace.radarr",
            "module.radarr.kubernetes_service.radarr"
          ]
        }
      ]
    },
    {
      "module": "module.radarr",
      "mode": "managed",
      "type": "kubernetes_namespace",
      "name": "radarr",
      "provider": "provider[\"registry.terraform.io/hashicorp/kubernetes\"]",
      "instances": [
        {
          "schema_version": 0,
          "attributes": {
            "id": "radarr",
            "metadata": [
              {
                "annotations": {},
                "generate_name": "",
                "generation": 0,
                "labels": {},
                "name": "radarr",
                "resource_version": "18288",
                "uid": "0d1ebba0-9a8e-4e91-b90f-57ee7aa0555b"
              }
            ],
            "timeouts": null,
            "wait_for_default_service_account": false
          },
          "sensitive_attributes": [],
          "identity_schema_version": 0,
          "private": "eyJlMmJmYjczMC1lY2FhLTExZTYtOGY4OC0zNDM2M2JjN2M0YzAiOnsiZGVsZXRlIjozMDAwMDAwMDAwMDB9fQ=="
        }
      ]
    }
  ],
  "check_results": null
}
